{
  "name": "src",
  "lockfileVersion": 2,
  "requires": true,
  "packages": {
    "": {
      "dependencies": {
        "is-in-subnet": "^4.0.1"
      }
    },
    "node_modules/is-in-subnet": {
      "version": "4.0.1",
      "resolved": "https://registry.npmjs.org/is-in-subnet/-/is-in-subnet-4.0.1.tgz",
      "integrity": "sha512-D3mAuAo6vZ+/AxsLkEIZ3moTx7AIGQLLzLQslV6n0RRO/CzdUemXap+lj3OPAehKCbdkGPikxOVUYqRo0GGJAA==",
      "engines": {
        "node": ">=10.23.0"
      }
    }
  },
  "dependencies": {
    "is-in-subnet": {
      "version": "4.0.1",
      "resolved": "https://registry.npmjs.org/is-in-subnet/-/is-in-subnet-4.0.1.tgz",
      "integrity": "sha512-D3mAuAo6vZ+/AxsLkEIZ3moTx7AIGQLLzLQslV6n0RRO/CzdUemXap+lj3OPAehKCbdkGPikxOVUYqRo0GGJAA=="
    }
  }
}
